// !$*UTF8*$!
{
	archiveVersion = 1;
	classes = {
	};
	objectVersion = 77;
	objects = {

/* Begin PBXBuildFile section */
		04520DC02DD0EFA600DC54A5 /* Kingfisher in Frameworks */ = {isa = PBXBuildFile; productRef = 04520DBF2DD0EFA600DC54A5 /* Kingfisher */; };
		048744AC2DEDD4E50059A3B9 /* Wormholy in Frameworks */ = {isa = PBXBuildFile; productRef = 048744AB2DEDD4E50059A3B9 /* Wormholy */; };
/* End PBXBuildFile section */

/* Begin PBXContainerItemProxy section */
		04C809862DCFE8DB00A0DD3E /* PBXContainerItemProxy */ = {
			isa = PBXContainerItemProxy;
			containerPortal = 04C8096B2DCFE8DA00A0DD3E /* Project object */;
			proxyType = 1;
			remoteGlobalIDString = 04C809722DCFE8DA00A0DD3E;
			remoteInfo = GitHubApp;
		};
		04C809902DCFE8DB00A0DD3E /* PBXContainerItemProxy */ = {
			isa = PBXContainerItemProxy;
			containerPortal = 04C8096B2DCFE8DA00A0DD3E /* Project object */;
			proxyType = 1;
			remoteGlobalIDString = 04C809722DCFE8DA00A0DD3E;
			remoteInfo = GitHubApp;
		};
/* End PBXContainerItemProxy section */

/* Begin PBXFileReference section */
		04C809732DCFE8DA00A0DD3E /* GitHubApp.app */ = {isa = PBXFileReference; explicitFileType = wrapper.application; includeInIndex = 0; path = GitHubApp.app; sourceTree = BUILT_PRODUCTS_DIR; };
		04C809852DCFE8DB00A0DD3E /* GitHubAppTests.xctest */ = {isa = PBXFileReference; explicitFileType = wrapper.cfbundle; includeInIndex = 0; path = GitHubAppTests.xctest; sourceTree = BUILT_PRODUCTS_DIR; };
		04C8098F2DCFE8DB00A0DD3E /* GitHubAppUITests.xctest */ = {isa = PBXFileReference; explicitFileType = wrapper.cfbundle; includeInIndex = 0; path = GitHubAppUITests.xctest; sourceTree = BUILT_PRODUCTS_DIR; };
/* End PBXFileReference section */

/* Begin PBXFileSystemSynchronizedRootGroup section */
		04C809752DCFE8DA00A0DD3E /* GitHubApp */ = {
			isa = PBXFileSystemSynchronizedRootGroup;
			path = GitHubApp;
			sourceTree = "<group>";
		};
		04C809882DCFE8DB00A0DD3E /* GitHubAppTests */ = {
			isa = PBXFileSystemSynchronizedRootGroup;
			path = GitHubAppTests;
			sourceTree = "<group>";
		};
		04C809922DCFE8DB00A0DD3E /* GitHubAppUITests */ = {
			isa = PBXFileSystemSynchronizedRootGroup;
			path = GitHubAppUITests;
			sourceTree = "<group>";
		};
/* End PBXFileSystemSynchronizedRootGroup section */

/* Begin PBXFrameworksBuildPhase section */
		04C809702DCFE8DA00A0DD3E /* Frameworks */ = {
			isa = PBXFrameworksBuildPhase;
			buildActionMask = 2147483647;
			files = (
				04520DC02DD0EFA600DC54A5 /* Kingfisher in Frameworks */,
				048744AC2DEDD4E50059A3B9 /* Wormholy in Frameworks */,
			);
			runOnlyForDeploymentPostprocessing = 0;
		};
		04C809822DCFE8DB00A0DD3E /* Frameworks */ = {
			isa = PBXFrameworksBuildPhase;
			buildActionMask = 2147483647;
			files = (
			);
			runOnlyForDeploymentPostprocessing = 0;
		};
		04C8098C2DCFE8DB00A0DD3E /* Frameworks */ = {
			isa = PBXFrameworksBuildPhase;
			buildActionMask = 2147483647;
			files = (
			);
			runOnlyForDeploymentPostprocessing = 0;
		};
/* End PBXFrameworksBuildPhase section */

/* Begin PBXGroup section */
		04C8096A2DCFE8DA00A0DD3E = {
			isa = PBXGroup;
			children = (
				04C809752DCFE8DA00A0DD3E /* GitHubApp */,
				04C809882DCFE8DB00A0DD3E /* GitHubAppTests */,
				04C809922DCFE8DB00A0DD3E /* GitHubAppUITests */,
				04C809742DCFE8DA00A0DD3E /* Products */,
			);
			sourceTree = "<group>";
		};
		04C809742DCFE8DA00A0DD3E /* Products */ = {
			isa = PBXGroup;
			children = (
				04C809732DCFE8DA00A0DD3E /* GitHubApp.app */,
				04C809852DCFE8DB00A0DD3E /* GitHubAppTests.xctest */,
				04C8098F2DCFE8DB00A0DD3E /* GitHubAppUITests.xctest */,
			);
			name = Products;
			sourceTree = "<group>";
		};
/* End PBXGroup section */

/* Begin PBXNativeTarget section */
		04C809722DCFE8DA00A0DD3E /* GitHubApp */ = {
			isa = PBXNativeTarget;
			buildConfigurationList = 04C809992DCFE8DB00A0DD3E /* Build configuration list for PBXNativeTarget "GitHubApp" */;
			buildPhases = (
				04C8096F2DCFE8DA00A0DD3E /* Sources */,
				04C809702DCFE8DA00A0DD3E /* Frameworks */,
				04C809712DCFE8DA00A0DD3E /* Resources */,
			);
			buildRules = (
			);
			dependencies = (
			);
			fileSystemSynchronizedGroups = (
				04C809752DCFE8DA00A0DD3E /* GitHubApp */,
			);
			name = GitHubApp;
			packageProductDependencies = (
				04520DBF2DD0EFA600DC54A5 /* Kingfisher */,
				048744AB2DEDD4E50059A3B9 /* Wormholy */,
			);
			productName = GitHubApp;
			productReference = 04C809732DCFE8DA00A0DD3E /* GitHubApp.app */;
			productType = "com.apple.product-type.application";
		};
		04C809842DCFE8DB00A0DD3E /* GitHubAppTests */ = {
			isa = PBXNativeTarget;
			buildConfigurationList = 04C8099C2DCFE8DB00A0DD3E /* Build configuration list for PBXNativeTarget "GitHubAppTests" */;
			buildPhases = (
				04C809812DCFE8DB00A0DD3E /* Sources */,
				04C809822DCFE8DB00A0DD3E /* Frameworks */,
				04C809832DCFE8DB00A0DD3E /* Resources */,
			);
			buildRules = (
			);
			dependencies = (
				04C809872DCFE8DB00A0DD3E /* PBXTargetDependency */,
			);
			fileSystemSynchronizedGroups = (
				04C809882DCFE8DB00A0DD3E /* GitHubAppTests */,
			);
			name = GitHubAppTests;
			packageProductDependencies = (
			);
			productName = GitHubAppTests;
			productReference = 04C809852DCFE8DB00A0DD3E /* GitHubAppTests.xctest */;
			productType = "com.apple.product-type.bundle.unit-test";
		};
		04C8098E2DCFE8DB00A0DD3E /* GitHubAppUITests */ = {
			isa = PBXNativeTarget;
			buildConfigurationList = 04C8099F2DCFE8DB00A0DD3E /* Build configuration list for PBXNativeTarget "GitHubAppUITests" */;
			buildPhases = (
				04C8098B2DCFE8DB00A0DD3E /* Sources */,
				04C8098C2DCFE8DB00A0DD3E /* Frameworks */,
				04C8098D2DCFE8DB00A0DD3E /* Resources */,
			);
			buildRules = (
			);
			dependencies = (
				04C809912DCFE8DB00A0DD3E /* PBXTargetDependency */,
			);
			fileSystemSynchronizedGroups = (
				04C809922DCFE8DB00A0DD3E /* GitHubAppUITests */,
			);
			name = GitHubAppUITests;
			packageProductDependencies = (
			);
			productName = GitHubAppUITests;
			productReference = 04C8098F2DCFE8DB00A0DD3E /* GitHubAppUITests.xctest */;
			productType = "com.apple.product-type.bundle.ui-testing";
		};
/* End PBXNativeTarget section */

/* Begin PBXProject section */
		04C8096B2DCFE8DA00A0DD3E /* Project object */ = {
			isa = PBXProject;
			attributes = {
				BuildIndependentTargetsInParallel = 1;
				LastSwiftUpdateCheck = 1620;
				LastUpgradeCheck = 1620;
				TargetAttributes = {
					04C809722DCFE8DA00A0DD3E = {
						CreatedOnToolsVersion = 16.2;
					};
					04C809842DCFE8DB00A0DD3E = {
						CreatedOnToolsVersion = 16.2;
						TestTargetID = 04C809722DCFE8DA00A0DD3E;
					};
					04C8098E2DCFE8DB00A0DD3E = {
						CreatedOnToolsVersion = 16.2;
						TestTargetID = 04C809722DCFE8DA00A0DD3E;
					};
				};
			};
			buildConfigurationList = 04C8096E2DCFE8DA00A0DD3E /* Build configuration list for PBXProject "GitHubApp" */;
			developmentRegion = en;
			hasScannedForEncodings = 0;
			knownRegions = (
				en,
				Base,
				fr,
			);
			mainGroup = 04C8096A2DCFE8DA00A0DD3E;
			minimizedProjectReferenceProxies = 1;
			packageReferences = (
				04520DBE2DD0EFA600DC54A5 /* XCRemoteSwiftPackageReference "Kingfisher" */,
				048744AA2DEDD4E50059A3B9 /* XCRemoteSwiftPackageReference "Wormholy" */,
			);
			preferredProjectObjectVersion = 77;
			productRefGroup = 04C809742DCFE8DA00A0DD3E /* Products */;
			projectDirPath = "";
			projectRoot = "";
			targets = (
				04C809722DCFE8DA00A0DD3E /* GitHubApp */,
				04C809842DCFE8DB00A0DD3E /* GitHubAppTests */,
				04C8098E2DCFE8DB00A0DD3E /* GitHubAppUITests */,
			);
		};
/* End PBXProject section */

/* Begin PBXResourcesBuildPhase section */
		04C809712DCFE8DA00A0DD3E /* Resources */ = {
			isa = PBXResourcesBuildPhase;
			buildActionMask = 2147483647;
			files = (
			);
			runOnlyForDeploymentPostprocessing = 0;
		};
		04C809832DCFE8DB00A0DD3E /* Resources */ = {
			isa = PBXResourcesBuildPhase;
			buildActionMask = 2147483647;
			files = (
			);
			runOnlyForDeploymentPostprocessing = 0;
		};
		04C8098D2DCFE8DB00A0DD3E /* Resources */ = {
			isa = PBXResourcesBuildPhase;
			buildActionMask = 2147483647;
			files = (
			);
			runOnlyForDeploymentPostprocessing = 0;
		};
/* End PBXResourcesBuildPhase section */

/* Begin PBXSourcesBuildPhase section */
		04C8096F2DCFE8DA00A0DD3E /* Sources */ = {
			isa = PBXSourcesBuildPhase;
			buildActionMask = 2147483647;
			files = (
			);
			runOnlyForDeploymentPostprocessing = 0;
		};
		04C809812DCFE8DB00A0DD3E /* Sources */ = {
			isa = PBXSourcesBuildPhase;
			buildActionMask = 2147483647;
			files = (
			);
			runOnlyForDeploymentPostprocessing = 0;
		};
		04C8098B2DCFE8DB00A0DD3E /* Sources */ = {
			isa = PBXSourcesBuildPhase;
			buildActionMask = 2147483647;
			files = (
			);
			runOnlyForDeploymentPostprocessing = 0;
		};
/* End PBXSourcesBuildPhase section */

/* Begin PBXTargetDependency section */
		04C809872DCFE8DB00A0DD3E /* PBXTargetDependency */ = {
			isa = PBXTargetDependency;
			target = 04C809722DCFE8DA00A0DD3E /* GitHubApp */;
			targetProxy = 04C809862DCFE8DB00A0DD3E /* PBXContainerItemProxy */;
		};
		04C809912DCFE8DB00A0DD3E /* PBXTargetDependency */ = {
			isa = PBXTargetDependency;
			target = 04C809722DCFE8DA00A0DD3E /* GitHubApp */;
			targetProxy = 04C809902DCFE8DB00A0DD3E /* PBXContainerItemProxy */;
		};
/* End PBXTargetDependency section */

/* Begin XCBuildConfiguration section */
		04C809972DCFE8DB00A0DD3E /* Debug */ = {
			isa = XCBuildConfiguration;
			buildSettings = {
				ALWAYS_SEARCH_USER_PATHS = NO;
				ASSETCATALOG_COMPILER_GENERATE_SWIFT_ASSET_SYMBOL_EXTENSIONS = YES;
				CLANG_ANALYZER_NONNULL = YES;
				CLANG_ANALYZER_NUMBER_OBJECT_CONVERSION = YES_AGGRESSIVE;
				CLANG_CXX_LANGUAGE_STANDARD = "gnu++20";
				CLANG_ENABLE_MODULES = YES;
				CLANG_ENABLE_OBJC_ARC = YES;
				CLANG_ENABLE_OBJC_WEAK = YES;
				CLANG_WARN_BLOCK_CAPTURE_AUTORELEASING = YES;
				CLANG_WARN_BOOL_CONVERSION = YES;
				CLANG_WARN_COMMA = YES;
				CLANG_WARN_CONSTANT_CONVERSION = YES;
				CLANG_WARN_DEPRECATED_OBJC_IMPLEMENTATIONS = YES;
				CLANG_WARN_DIRECT_OBJC_ISA_USAGE = YES_ERROR;
				CLANG_WARN_DOCUMENTATION_COMMENTS = YES;
				CLANG_WARN_EMPTY_BODY = YES;
				CLANG_WARN_ENUM_CONVERSION = YES;
				CLANG_WARN_INFINITE_RECURSION = YES;
				CLANG_WARN_INT_CONVERSION = YES;
				CLANG_WARN_NON_LITERAL_NULL_CONVERSION = YES;
				CLANG_WARN_OBJC_IMPLICIT_RETAIN_SELF = YES;
				CLANG_WARN_OBJC_LITERAL_CONVERSION = YES;
				CLANG_WARN_OBJC_ROOT_CLASS = YES_ERROR;
				CLANG_WARN_QUOTED_INCLUDE_IN_FRAMEWORK_HEADER = YES;
				CLANG_WARN_RANGE_LOOP_ANALYSIS = YES;
				CLANG_WARN_STRICT_PROTOTYPES = YES;
				CLANG_WARN_SUSPICIOUS_MOVE = YES;
				CLANG_WARN_UNGUARDED_AVAILABILITY = YES_AGGRESSIVE;
				CLANG_WARN_UNREACHABLE_CODE = YES;
				CLANG_WARN__DUPLICATE_METHOD_MATCH = YES;
				COPY_PHASE_STRIP = NO;
				DEBUG_INFORMATION_FORMAT = dwarf;
				ENABLE_STRICT_OBJC_MSGSEND = YES;
				ENABLE_TESTABILITY = YES;
				ENABLE_USER_SCRIPT_SANDBOXING = YES;
				GCC_C_LANGUAGE_STANDARD = gnu17;
				GCC_DYNAMIC_NO_PIC = NO;
				GCC_NO_COMMON_BLOCKS = YES;
				GCC_OPTIMIZATION_LEVEL = 0;
				GCC_PREPROCESSOR_DEFINITIONS = (
					"DEBUG=1",
					"$(inherited)",
				);
				GCC_WARN_64_TO_32_BIT_CONVERSION = YES;
				GCC_WARN_ABOUT_RETURN_TYPE = YES_ERROR;
				GCC_WARN_UNDECLARED_SELECTOR = YES;
				GCC_WARN_UNINITIALIZED_AUTOS = YES_AGGRESSIVE;
				GCC_WARN_UNUSED_FUNCTION = YES;
				GCC_WARN_UNUSED_VARIABLE = YES;
				IPHONEOS_DEPLOYMENT_TARGET = 18.2;
				LOCALIZATION_PREFERS_STRING_CATALOGS = YES;
				MTL_ENABLE_DEBUG_INFO = INCLUDE_SOURCE;
				MTL_FAST_MATH = YES;
				ONLY_ACTIVE_ARCH = YES;
				SDKROOT = iphoneos;
				SWIFT_ACTIVE_COMPILATION_CONDITIONS = "DEBUG $(inherited)";
				SWIFT_OPTIMIZATION_LEVEL = "-Onone";
			};
			name = Debug;
		};
		04C809982DCFE8DB00A0DD3E /* Release */ = {
			isa = XCBuildConfiguration;
			buildSettings = {
				ALWAYS_SEARCH_USER_PATHS = NO;
				ASSETCATALOG_COMPILER_GENERATE_SWIFT_ASSET_SYMBOL_EXTENSIONS = YES;
				CLANG_ANALYZER_NONNULL = YES;
				CLANG_ANALYZER_NUMBER_OBJECT_CONVERSION = YES_AGGRESSIVE;
				CLANG_CXX_LANGUAGE_STANDARD = "gnu++20";
				CLANG_ENABLE_MODULES = YES;
				CLANG_ENABLE_OBJC_ARC = YES;
				CLANG_ENABLE_OBJC_WEAK = YES;
				CLANG_WARN_BLOCK_CAPTURE_AUTORELEASING = YES;
				CLANG_WARN_BOOL_CONVERSION = YES;
				CLANG_WARN_COMMA = YES;
				CLANG_WARN_CONSTANT_CONVERSION = YES;
				CLANG_WARN_DEPRECATED_OBJC_IMPLEMENTATIONS = YES;
				CLANG_WARN_DIRECT_OBJC_ISA_USAGE = YES_ERROR;
				CLANG_WARN_DOCUMENTATION_COMMENTS = YES;
				CLANG_WARN_EMPTY_BODY = YES;
				CLANG_WARN_ENUM_CONVERSION = YES;
				CLANG_WARN_INFINITE_RECURSION = YES;
				CLANG_WARN_INT_CONVERSION = YES;
				CLANG_WARN_NON_LITERAL_NULL_CONVERSION = YES;
				CLANG_WARN_OBJC_IMPLICIT_RETAIN_SELF = YES;
				CLANG_WARN_OBJC_LITERAL_CONVERSION = YES;
				CLANG_WARN_OBJC_ROOT_CLASS = YES_ERROR;
				CLANG_WARN_QUOTED_INCLUDE_IN_FRAMEWORK_HEADER = YES;
				CLANG_WARN_RANGE_LOOP_ANALYSIS = YES;
				CLANG_WARN_STRICT_PROTOTYPES = YES;
				CLANG_WARN_SUSPICIOUS_MOVE = YES;
				CLANG_WARN_UNGUARDED_AVAILABILITY = YES_AGGRESSIVE;
				CLANG_WARN_UNREACHABLE_CODE = YES;
				CLANG_WARN__DUPLICATE_METHOD_MATCH = YES;
				COPY_PHASE_STRIP = NO;
				DEBUG_INFORMATION_FORMAT = "dwarf-with-dsym";
				ENABLE_NS_ASSERTIONS = NO;
				ENABLE_STRICT_OBJC_MSGSEND = YES;
				ENABLE_USER_SCRIPT_SANDBOXING = YES;
				GCC_C_LANGUAGE_STANDARD = gnu17;
				GCC_NO_COMMON_BLOCKS = YES;
				GCC_WARN_64_TO_32_BIT_CONVERSION = YES;
				GCC_WARN_ABOUT_RETURN_TYPE = YES_ERROR;
				GCC_WARN_UNDECLARED_SELECTOR = YES;
				GCC_WARN_UNINITIALIZED_AUTOS = YES_AGGRESSIVE;
				GCC_WARN_UNUSED_FUNCTION = YES;
				GCC_WARN_UNUSED_VARIABLE = YES;
				IPHONEOS_DEPLOYMENT_TARGET = 18.2;
				LOCALIZATION_PREFERS_STRING_CATALOGS = YES;
				MTL_ENABLE_DEBUG_INFO = NO;
				MTL_FAST_MATH = YES;
				SDKROOT = iphoneos;
				SWIFT_COMPILATION_MODE = wholemodule;
				VALIDATE_PRODUCT = YES;
			};
			name = Release;
		};
		04C8099A2DCFE8DB00A0DD3E /* Debug */ = {
			isa = XCBuildConfiguration;
			buildSettings = {
				ASSETCATALOG_COMPILER_APPICON_NAME = AppIcon;
				ASSETCATALOG_COMPILER_GLOBAL_ACCENT_COLOR_NAME = AccentColor;
				CODE_SIGN_STYLE = Automatic;
				CURRENT_PROJECT_VERSION = 1;
				DEVELOPMENT_ASSET_PATHS = "\"GitHubApp/Preview Content\"";
				DEVELOPMENT_TEAM = 5X7Q3QML47;
				ENABLE_PREVIEWS = YES;
				GENERATE_INFOPLIST_FILE = YES;
				INFOPLIST_KEY_UIApplicationSceneManifest_Generation = YES;
				INFOPLIST_KEY_UIApplicationSupportsIndirectInputEvents = YES;
				INFOPLIST_KEY_UILaunchScreen_Generation = YES;
				INFOPLIST_KEY_UISupportedInterfaceOrientations_iPad = "UIInterfaceOrientationPortrait UIInterfaceOrientationPortraitUpsideDown UIInterfaceOrientationLandscapeLeft UIInterfaceOrientationLandscapeRight";
				INFOPLIST_KEY_UISupportedInterfaceOrientations_iPhone = "UIInterfaceOrientationPortrait UIInterfaceOrientationLandscapeLeft UIInterfaceOrientationLandscapeRight";
				IPHONEOS_DEPLOYMENT_TARGET = 16.0;
				LD_RUNPATH_SEARCH_PATHS = (
					"$(inherited)",
					"@executable_path/Frameworks",
				);
				MARKETING_VERSION = 1.0;
				PRODUCT_BUNDLE_IDENTIFIER = com.renault.github.GitHubApp;
				PRODUCT_NAME = "$(TARGET_NAME)";
				SWIFT_EMIT_LOC_STRINGS = YES;
				SWIFT_VERSION = 5.0;
				TARGETED_DEVICE_FAMILY = "1,2";
			};
			name = Debug;
		};
		04C8099B2DCFE8DB00A0DD3E /* Release */ = {
			isa = XCBuildConfiguration;
			buildSettings = {
				ASSETCATALOG_COMPILER_APPICON_NAME = AppIcon;
				ASSETCATALOG_COMPILER_GLOBAL_ACCENT_COLOR_NAME = AccentColor;
				CODE_SIGN_STYLE = Automatic;
				CURRENT_PROJECT_VERSION = 1;
				DEVELOPMENT_ASSET_PATHS = "\"GitHubApp/Preview Content\"";
				DEVELOPMENT_TEAM = 5X7Q3QML47;
				ENABLE_PREVIEWS = YES;
				GENERATE_INFOPLIST_FILE = YES;
				INFOPLIST_KEY_UIApplicationSceneManifest_Generation = YES;
				INFOPLIST_KEY_UIApplicationSupportsIndirectInputEvents = YES;
				INFOPLIST_KEY_UILaunchScreen_Generation = YES;
				INFOPLIST_KEY_UISupportedInterfaceOrientations_iPad = "UIInterfaceOrientationPortrait UIInterfaceOrientationPortraitUpsideDown UIInterfaceOrientationLandscapeLeft UIInterfaceOrientationLandscapeRight";
				INFOPLIST_KEY_UISupportedInterfaceOrientations_iPhone = "UIInterfaceOrientationPortrait UIInterfaceOrientationLandscapeLeft UIInterfaceOrientationLandscapeRight";
				IPHONEOS_DEPLOYMENT_TARGET = 16.0;
				LD_RUNPATH_SEARCH_PATHS = (
					"$(inherited)",
					"@executable_path/Frameworks",
				);
				MARKETING_VERSION = 1.0;
				PRODUCT_BUNDLE_IDENTIFIER = com.renault.github.GitHubApp;
				PRODUCT_NAME = "$(TARGET_NAME)";
				SWIFT_EMIT_LOC_STRINGS = YES;
				SWIFT_VERSION = 5.0;
				TARGETED_DEVICE_FAMILY = "1,2";
			};
			name = Release;
		};
		04C8099D2DCFE8DB00A0DD3E /* Debug */ = {
			isa = XCBuildConfiguration;
			buildSettings = {
				BUNDLE_LOADER = "$(TEST_HOST)";
				CODE_SIGN_STYLE = Automatic;
				CURRENT_PROJECT_VERSION = 1;
				GENERATE_INFOPLIST_FILE = YES;
				IPHONEOS_DEPLOYMENT_TARGET = 16.0;
				MARKETING_VERSION = 1.0;
				PRODUCT_BUNDLE_IDENTIFIER = com.renault.github.GitHubAppTests;
				PRODUCT_NAME = "$(TARGET_NAME)";
				SWIFT_EMIT_LOC_STRINGS = NO;
				SWIFT_VERSION = 5.0;
				TARGETED_DEVICE_FAMILY = "1,2";
				TEST_HOST = "$(BUILT_PRODUCTS_DIR)/GitHubApp.app/$(BUNDLE_EXECUTABLE_FOLDER_PATH)/GitHubApp";
			};
			name = Debug;
		};
		04C8099E2DCFE8DB00A0DD3E /* Release */ = {
			isa = XCBuildConfiguration;
			buildSettings = {
				BUNDLE_LOADER = "$(TEST_HOST)";
				CODE_SIGN_STYLE = Automatic;
				CURRENT_PROJECT_VERSION = 1;
				GENERATE_INFOPLIST_FILE = YES;
				IPHONEOS_DEPLOYMENT_TARGET = 16.0;
				MARKETING_VERSION = 1.0;
				PRODUCT_BUNDLE_IDENTIFIER = com.renault.github.GitHubAppTests;
				PRODUCT_NAME = "$(TARGET_NAME)";
				SWIFT_EMIT_LOC_STRINGS = NO;
				SWIFT_VERSION = 5.0;
				TARGETED_DEVICE_FAMILY = "1,2";
				TEST_HOST = "$(BUILT_PRODUCTS_DIR)/GitHubApp.app/$(BUNDLE_EXECUTABLE_FOLDER_PATH)/GitHubApp";
			};
			name = Release;
		};
		04C809A02DCFE8DB00A0DD3E /* Debug */ = {
			isa = XCBuildConfiguration;
			buildSettings = {
				CODE_SIGN_STYLE = Automatic;
				CURRENT_PROJECT_VERSION = 1;
				GENERATE_INFOPLIST_FILE = YES;
				IPHONEOS_DEPLOYMENT_TARGET = 16.0;
				MARKETING_VERSION = 1.0;
				PRODUCT_BUNDLE_IDENTIFIER = com.renault.github.GitHubAppUITests;
				PRODUCT_NAME = "$(TARGET_NAME)";
				SWIFT_EMIT_LOC_STRINGS = NO;
				SWIFT_VERSION = 5.0;
				TARGETED_DEVICE_FAMILY = "1,2";
				TEST_TARGET_NAME = GitHubApp;
			};
			name = Debug;
		};
		04C809A12DCFE8DB00A0DD3E /* Release */ = {
			isa = XCBuildConfiguration;
			buildSettings = {
				CODE_SIGN_STYLE = Automatic;
				CURRENT_PROJECT_VERSION = 1;
				GENERATE_INFOPLIST_FILE = YES;
				IPHONEOS_DEPLOYMENT_TARGET = 16.0;
				MARKETING_VERSION = 1.0;
				PRODUCT_BUNDLE_IDENTIFIER = com.renault.github.GitHubAppUITests;
				PRODUCT_NAME = "$(TARGET_NAME)";
				SWIFT_EMIT_LOC_STRINGS = NO;
				SWIFT_VERSION = 5.0;
				TARGETED_DEVICE_FAMILY = "1,2";
				TEST_TARGET_NAME = GitHubApp;
			};
			name = Release;
		};
/* End XCBuildConfiguration section */

/* Begin XCConfigurationList section */
		04C8096E2DCFE8DA00A0DD3E /* Build configuration list for PBXProject "GitHubApp" */ = {
			isa = XCConfigurationList;
			buildConfigurations = (
				04C809972DCFE8DB00A0DD3E /* Debug */,
				04C809982DCFE8DB00A0DD3E /* Release */,
			);
			defaultConfigurationIsVisible = 0;
			defaultConfigurationName = Release;
		};
		04C809992DCFE8DB00A0DD3E /* Build configuration list for PBXNativeTarget "GitHubApp" */ = {
			isa = XCConfigurationList;
			buildConfigurations = (
				04C8099A2DCFE8DB00A0DD3E /* Debug */,
				04C8099B2DCFE8DB00A0DD3E /* Release */,
			);
			defaultConfigurationIsVisible = 0;
			defaultConfigurationName = Release;
		};
		04C8099C2DCFE8DB00A0DD3E /* Build configuration list for PBXNativeTarget "GitHubAppTests" */ = {
			isa = XCConfigurationList;
			buildConfigurations = (
				04C8099D2DCFE8DB00A0DD3E /* Debug */,
				04C8099E2DCFE8DB00A0DD3E /* Release */,
			);
			defaultConfigurationIsVisible = 0;
			defaultConfigurationName = Release;
		};
		04C8099F2DCFE8DB00A0DD3E /* Build configuration list for PBXNativeTarget "GitHubAppUITests" */ = {
			isa = XCConfigurationList;
			buildConfigurations = (
				04C809A02DCFE8DB00A0DD3E /* Debug */,
				04C809A12DCFE8DB00A0DD3E /* Release */,
			);
			defaultConfigurationIsVisible = 0;
			defaultConfigurationName = Release;
		};
/* End XCConfigurationList section */

/* Begin XCRemoteSwiftPackageReference section */
		04520DBE2DD0EFA600DC54A5 /* XCRemoteSwiftPackageReference "Kingfisher" */ = {
			isa = XCRemoteSwiftPackageReference;
			repositoryURL = "https://github.com/onevcat/Kingfisher.git";
			requirement = {
				kind = upToNextMajorVersion;
				minimumVersion = 8.3.2;
			};
		};
		048744AA2DEDD4E50059A3B9 /* XCRemoteSwiftPackageReference "Wormholy" */ = {
			isa = XCRemoteSwiftPackageReference;
			repositoryURL = "https://github.com/pmusolino/Wormholy.git";
			requirement = {
				kind = upToNextMajorVersion;
				minimumVersion = 2.1.1;
			};
		};
/* End XCRemoteSwiftPackageReference section */

/* Begin XCSwiftPackageProductDependency section */
		04520DBF2DD0EFA600DC54A5 /* Kingfisher */ = {
			isa = XCSwiftPackageProductDependency;
			package = 04520DBE2DD0EFA600DC54A5 /* XCRemoteSwiftPackageReference "Kingfisher" */;
			productName = Kingfisher;
		};
		048744AB2DEDD4E50059A3B9 /* Wormholy */ = {
			isa = XCSwiftPackageProductDependency;
			package = 048744AA2DEDD4E50059A3B9 /* XCRemoteSwiftPackageReference "Wormholy" */;
			productName = Wormholy;
		};
/* End XCSwiftPackageProductDependency section */
	};
	rootObject = 04C8096B2DCFE8DA00A0DD3E /* Project object */;
}
